
Microsoft Visual Studio Solution File, Format Version 12.00
# Visual Studio 15
VisualStudioVersion = 15.0.28010.2046
MinimumVisualStudioVersion = 10.0.40219.1
Project("{FAE04EC0-301F-11D3-BF4B-00C04F79EFBC}") = "Lynda_CSharp_CodeClinic", "Lynda_CSharp_CodeClinic\Lynda_CSharp_CodeClinic.csproj", "{71A8159A-537D-4643-8A03-7626BAD6D88A}"
EndProject
Global
	GlobalSection(SolutionConfigurationPlatforms) = preSolution
		Debug|Any CPU = Debug|Any CPU
		Release|Any CPU = Release|Any CPU
	EndGlobalSection
	GlobalSection(ProjectConfigurationPlatforms) = postSolution
		{71A8159A-537D-4643-8A03-7626BAD6D88A}.Debug|Any CPU.ActiveCfg = Debug|Any CPU
		{71A8159A-537D-4643-8A03-7626BAD6D88A}.Debug|Any CPU.Build.0 = Debug|Any CPU
		{71A8159A-537D-4643-8A03-7626BAD6D88A}.Release|Any CPU.ActiveCfg = Release|Any CPU
		{71A8159A-537D-4643-8A03-7626BAD6D88A}.Release|Any CPU.Build.0 = Release|Any CPU
	EndGlobalSection
	GlobalSection(SolutionProperties) = preSolution
		HideSolutionNode = FALSE
	EndGlobalSection
	GlobalSection(ExtensibilityGlobals) = postSolution
		SolutionGuid = {7FA6884A-CD5A-48A3-928C-D6C74D8E78C7}
	EndGlobalSection
EndGlobal
